
Microsoft Visual Studio Solution File, Format Version 12.00
# Visual Studio Version 17
VisualStudioVersion = 17.5.33502.453
MinimumVisualStudioVersion = 10.0.40219.1
Project("{FAE04EC0-301F-11D3-BF4B-00C04F79EFBC}") = "NotificationAPI.Presentation", "NotificationAPI.Presentation\NotificationAPI.Presentation.csproj", "{F8114F28-3585-4A6D-BEA8-9D344EB3396D}"
EndProject
Project("{FAE04EC0-301F-11D3-BF4B-00C04F79EFBC}") = "NotificationAPI.Domain", "NotificationAPI.Domain\NotificationAPI.Domain.csproj", "{AA788EF5-BBF8-4C7B-8E5F-1D97D8C1633F}"
EndProject
Project("{FAE04EC0-301F-11D3-BF4B-00C04F79EFBC}") = "NotificationAPI.Application.Abstraction", "NotificationAPI.Application.Abstraction\NotificationAPI.Application.Abstraction.csproj", "{FDE41473-1C21-4011-BF48-657EB1F4CCEB}"
EndProject
Project("{FAE04EC0-301F-11D3-BF4B-00C04F79EFBC}") = "NotificationAPI.Application", "NotificationAPI.Application\NotificationAPI.Application.csproj", "{0A60575A-80E2-4ED0-948E-4EE21966521B}"
EndProject
Project("{FAE04EC0-301F-11D3-BF4B-00C04F79EFBC}") = "NotificationAPI.Persistence", "NotificationAPI.Persistence\NotificationAPI.Persistence.csproj", "{B3978764-9CF4-4F87-AF4A-E4187CB30DEE}"
EndProject
Project("{2150E333-8FDC-42A3-9474-1A3956D46DE8}") = "Core", "Core", "{E0D4D669-923D-4176-A572-29FCB92EE4A1}"
EndProject
Project("{2150E333-8FDC-42A3-9474-1A3956D46DE8}") = "Infrastructure", "Infrastructure", "{B376E723-5FF4-45B8-BDF3-411C51A1E81C}"
EndProject
Project("{FAE04EC0-301F-11D3-BF4B-00C04F79EFBC}") = "NotificationAPI.Web", "NotificationAPI.Web\NotificationAPI.Web.csproj", "{23F0E8F2-D3A2-4C82-A8E6-5A84D64EE9A5}"
EndProject
Global
	GlobalSection(SolutionConfigurationPlatforms) = preSolution
		Debug|Any CPU = Debug|Any CPU
		Release|Any CPU = Release|Any CPU
	EndGlobalSection
	GlobalSection(ProjectConfigurationPlatforms) = postSolution
		{F8114F28-3585-4A6D-BEA8-9D344EB3396D}.Debug|Any CPU.ActiveCfg = Debug|Any CPU
		{F8114F28-3585-4A6D-BEA8-9D344EB3396D}.Debug|Any CPU.Build.0 = Debug|Any CPU
		{F8114F28-3585-4A6D-BEA8-9D344EB3396D}.Release|Any CPU.ActiveCfg = Release|Any CPU
		{F8114F28-3585-4A6D-BEA8-9D344EB3396D}.Release|Any CPU.Build.0 = Release|Any CPU
		{AA788EF5-BBF8-4C7B-8E5F-1D97D8C1633F}.Debug|Any CPU.ActiveCfg = Debug|Any CPU
		{AA788EF5-BBF8-4C7B-8E5F-1D97D8C1633F}.Debug|Any CPU.Build.0 = Debug|Any CPU
		{AA788EF5-BBF8-4C7B-8E5F-1D97D8C1633F}.Release|Any CPU.ActiveCfg = Release|Any CPU
		{AA788EF5-BBF8-4C7B-8E5F-1D97D8C1633F}.Release|Any CPU.Build.0 = Release|Any CPU
		{FDE41473-1C21-4011-BF48-657EB1F4CCEB}.Debug|Any CPU.ActiveCfg = Debug|Any CPU
		{FDE41473-1C21-4011-BF48-657EB1F4CCEB}.Debug|Any CPU.Build.0 = Debug|Any CPU
		{FDE41473-1C21-4011-BF48-657EB1F4CCEB}.Release|Any CPU.ActiveCfg = Release|Any CPU
		{FDE41473-1C21-4011-BF48-657EB1F4CCEB}.Release|Any CPU.Build.0 = Release|Any CPU
		{0A60575A-80E2-4ED0-948E-4EE21966521B}.Debug|Any CPU.ActiveCfg = Debug|Any CPU
		{0A60575A-80E2-4ED0-948E-4EE21966521B}.Debug|Any CPU.Build.0 = Debug|Any CPU
		{0A60575A-80E2-4ED0-948E-4EE21966521B}.Release|Any CPU.ActiveCfg = Release|Any CPU
		{0A60575A-80E2-4ED0-948E-4EE21966521B}.Release|Any CPU.Build.0 = Release|Any CPU
		{B3978764-9CF4-4F87-AF4A-E4187CB30DEE}.Debug|Any CPU.ActiveCfg = Debug|Any CPU
		{B3978764-9CF4-4F87-AF4A-E4187CB30DEE}.Debug|Any CPU.Build.0 = Debug|Any CPU
		{B3978764-9CF4-4F87-AF4A-E4187CB30DEE}.Release|Any CPU.ActiveCfg = Release|Any CPU
		{B3978764-9CF4-4F87-AF4A-E4187CB30DEE}.Release|Any CPU.Build.0 = Release|Any CPU
		{23F0E8F2-D3A2-4C82-A8E6-5A84D64EE9A5}.Debug|Any CPU.ActiveCfg = Debug|Any CPU
		{23F0E8F2-D3A2-4C82-A8E6-5A84D64EE9A5}.Debug|Any CPU.Build.0 = Debug|Any CPU
		{23F0E8F2-D3A2-4C82-A8E6-5A84D64EE9A5}.Release|Any CPU.ActiveCfg = Release|Any CPU
		{23F0E8F2-D3A2-4C82-A8E6-5A84D64EE9A5}.Release|Any CPU.Build.0 = Release|Any CPU
	EndGlobalSection
	GlobalSection(SolutionProperties) = preSolution
		HideSolutionNode = FALSE
	EndGlobalSection
	GlobalSection(NestedProjects) = preSolution
		{F8114F28-3585-4A6D-BEA8-9D344EB3396D} = {B376E723-5FF4-45B8-BDF3-411C51A1E81C}
		{AA788EF5-BBF8-4C7B-8E5F-1D97D8C1633F} = {E0D4D669-923D-4176-A572-29FCB92EE4A1}
		{FDE41473-1C21-4011-BF48-657EB1F4CCEB} = {E0D4D669-923D-4176-A572-29FCB92EE4A1}
		{0A60575A-80E2-4ED0-948E-4EE21966521B} = {E0D4D669-923D-4176-A572-29FCB92EE4A1}
		{B3978764-9CF4-4F87-AF4A-E4187CB30DEE} = {B376E723-5FF4-45B8-BDF3-411C51A1E81C}
	EndGlobalSection
	GlobalSection(ExtensibilityGlobals) = postSolution
		SolutionGuid = {6B38F40D-832A-4AC2-9F12-B5270023E4CF}
	EndGlobalSection
EndGlobal
